
Microsoft Visual Studio Solution File, Format Version 12.00
# Visual Studio 15
VisualStudioVersion = 15.0.28307.136
MinimumVisualStudioVersion = 10.0.40219.1
Project("{FAE04EC0-301F-11D3-BF4B-00C04F79EFBC}") = "pract5.Android", "pract5\pract5.Android\pract5.Android.csproj", "{77D7B870-884C-440B-BE58-FCEFF229D9E5}"
EndProject
Project("{FAE04EC0-301F-11D3-BF4B-00C04F79EFBC}") = "pract5.iOS", "pract5\pract5.iOS\pract5.iOS.csproj", "{13734009-2E77-4BED-B98C-1465BFBD75A2}"
EndProject
Project("{FAE04EC0-301F-11D3-BF4B-00C04F79EFBC}") = "pract5", "pract5\pract5\pract5.csproj", "{A16C0F57-58A1-4BE4-83B3-9E6610CD311D}"
EndProject
Global
	GlobalSection(SolutionConfigurationPlatforms) = preSolution
		Ad-Hoc|Any CPU = Ad-Hoc|Any CPU
		Ad-Hoc|iPhone = Ad-Hoc|iPhone
		Ad-Hoc|iPhoneSimulator = Ad-Hoc|iPhoneSimulator
		AppStore|Any CPU = AppStore|Any CPU
		AppStore|iPhone = AppStore|iPhone
		AppStore|iPhoneSimulator = AppStore|iPhoneSimulator
		Debug|Any CPU = Debug|Any CPU
		Debug|iPhone = Debug|iPhone
		Debug|iPhoneSimulator = Debug|iPhoneSimulator
		Release|Any CPU = Release|Any CPU
		Release|iPhone = Release|iPhone
		Release|iPhoneSimulator = Release|iPhoneSimulator
	EndGlobalSection
	GlobalSection(ProjectConfigurationPlatforms) = postSolution
		{77D7B870-884C-440B-BE58-FCEFF229D9E5}.Ad-Hoc|Any CPU.ActiveCfg = Release|Any CPU
		{77D7B870-884C-440B-BE58-FCEFF229D9E5}.Ad-Hoc|Any CPU.Build.0 = Release|Any CPU
		{77D7B870-884C-440B-BE58-FCEFF229D9E5}.Ad-Hoc|Any CPU.Deploy.0 = Release|Any CPU
		{77D7B870-884C-440B-BE58-FCEFF229D9E5}.Ad-Hoc|iPhone.ActiveCfg = Release|Any CPU
		{77D7B870-884C-440B-BE58-FCEFF229D9E5}.Ad-Hoc|iPhone.Build.0 = Release|Any CPU
		{77D7B870-884C-440B-BE58-FCEFF229D9E5}.Ad-Hoc|iPhone.Deploy.0 = Release|Any CPU
		{77D7B870-884C-440B-BE58-FCEFF229D9E5}.Ad-Hoc|iPhoneSimulator.ActiveCfg = Release|Any CPU
		{77D7B870-884C-440B-BE58-FCEFF229D9E5}.Ad-Hoc|iPhoneSimulator.Build.0 = Release|Any CPU
		{77D7B870-884C-440B-BE58-FCEFF229D9E5}.Ad-Hoc|iPhoneSimulator.Deploy.0 = Release|Any CPU
		{77D7B870-884C-440B-BE58-FCEFF229D9E5}.AppStore|Any CPU.ActiveCfg = Release|Any CPU
		{77D7B870-884C-440B-BE58-FCEFF229D9E5}.AppStore|Any CPU.Build.0 = Release|Any CPU
		{77D7B870-884C-440B-BE58-FCEFF229D9E5}.AppStore|Any CPU.Deploy.0 = Release|Any CPU
		{77D7B870-884C-440B-BE58-FCEFF229D9E5}.AppStore|iPhone.ActiveCfg = Release|Any CPU
		{77D7B870-884C-440B-BE58-FCEFF229D9E5}.AppStore|iPhone.Build.0 = Release|Any CPU
		{77D7B870-884C-440B-BE58-FCEFF229D9E5}.AppStore|iPhone.Deploy.0 = Release|Any CPU
		{77D7B870-884C-440B-BE58-FCEFF229D9E5}.AppStore|iPhoneSimulator.ActiveCfg = Release|Any CPU
		{77D7B870-884C-440B-BE58-FCEFF229D9E5}.AppStore|iPhoneSimulator.Build.0 = Release|Any CPU
		{77D7B870-884C-440B-BE58-FCEFF229D9E5}.AppStore|iPhoneSimulator.Deploy.0 = Release|Any CPU
		{77D7B870-884C-440B-BE58-FCEFF229D9E5}.Debug|Any CPU.ActiveCfg = Debug|Any CPU
		{77D7B870-884C-440B-BE58-FCEFF229D9E5}.Debug|Any CPU.Build.0 = Debug|Any CPU
		{77D7B870-884C-440B-BE58-FCEFF229D9E5}.Debug|Any CPU.Deploy.0 = Debug|Any CPU
		{77D7B870-884C-440B-BE58-FCEFF229D9E5}.Debug|iPhone.ActiveCfg = Debug|Any CPU
		{77D7B870-884C-440B-BE58-FCEFF229D9E5}.Debug|iPhone.Build.0 = Debug|Any CPU
		{77D7B870-884C-440B-BE58-FCEFF229D9E5}.Debug|iPhone.Deploy.0 = Debug|Any CPU
		{77D7B870-884C-440B-BE58-FCEFF229D9E5}.Debug|iPhoneSimulator.ActiveCfg = Debug|Any CPU
		{77D7B870-884C-440B-BE58-FCEFF229D9E5}.Debug|iPhoneSimulator.Build.0 = Debug|Any CPU
		{77D7B870-884C-440B-BE58-FCEFF229D9E5}.Debug|iPhoneSimulator.Deploy.0 = Debug|Any CPU
		{77D7B870-884C-440B-BE58-FCEFF229D9E5}.Release|Any CPU.ActiveCfg = Release|Any CPU
		{77D7B870-884C-440B-BE58-FCEFF229D9E5}.Release|Any CPU.Build.0 = Release|Any CPU
		{77D7B870-884C-440B-BE58-FCEFF229D9E5}.Release|Any CPU.Deploy.0 = Release|Any CPU
		{77D7B870-884C-440B-BE58-FCEFF229D9E5}.Release|iPhone.ActiveCfg = Release|Any CPU
		{77D7B870-884C-440B-BE58-FCEFF229D9E5}.Release|iPhone.Build.0 = Release|Any CPU
		{77D7B870-884C-440B-BE58-FCEFF229D9E5}.Release|iPhone.Deploy.0 = Release|Any CPU
		{77D7B870-884C-440B-BE58-FCEFF229D9E5}.Release|iPhoneSimulator.ActiveCfg = Release|Any CPU
		{77D7B870-884C-440B-BE58-FCEFF229D9E5}.Release|iPhoneSimulator.Build.0 = Release|Any CPU
		{77D7B870-884C-440B-BE58-FCEFF229D9E5}.Release|iPhoneSimulator.Deploy.0 = Release|Any CPU
		{13734009-2E77-4BED-B98C-1465BFBD75A2}.Ad-Hoc|Any CPU.ActiveCfg = Ad-Hoc|iPhone
		{13734009-2E77-4BED-B98C-1465BFBD75A2}.Ad-Hoc|Any CPU.Build.0 = Ad-Hoc|iPhone
		{13734009-2E77-4BED-B98C-1465BFBD75A2}.Ad-Hoc|Any CPU.Deploy.0 = Ad-Hoc|iPhone
		{13734009-2E77-4BED-B98C-1465BFBD75A2}.Ad-Hoc|iPhone.ActiveCfg = Ad-Hoc|iPhone
		{13734009-2E77-4BED-B98C-1465BFBD75A2}.Ad-Hoc|iPhone.Build.0 = Ad-Hoc|iPhone
		{13734009-2E77-4BED-B98C-1465BFBD75A2}.Ad-Hoc|iPhone.Deploy.0 = Ad-Hoc|iPhone
		{13734009-2E77-4BED-B98C-1465BFBD75A2}.Ad-Hoc|iPhoneSimulator.ActiveCfg = Ad-Hoc|iPhoneSimulator
		{13734009-2E77-4BED-B98C-1465BFBD75A2}.Ad-Hoc|iPhoneSimulator.Build.0 = Ad-Hoc|iPhoneSimulator
		{13734009-2E77-4BED-B98C-1465BFBD75A2}.Ad-Hoc|iPhoneSimulator.Deploy.0 = Ad-Hoc|iPhoneSimulator
		{13734009-2E77-4BED-B98C-1465BFBD75A2}.AppStore|Any CPU.ActiveCfg = AppStore|iPhone
		{13734009-2E77-4BED-B98C-1465BFBD75A2}.AppStore|Any CPU.Build.0 = AppStore|iPhone
		{13734009-2E77-4BED-B98C-1465BFBD75A2}.AppStore|Any CPU.Deploy.0 = AppStore|iPhone
		{13734009-2E77-4BED-B98C-1465BFBD75A2}.AppStore|iPhone.ActiveCfg = AppStore|iPhone
		{13734009-2E77-4BED-B98C-1465BFBD75A2}.AppStore|iPhone.Build.0 = AppStore|iPhone
		{13734009-2E77-4BED-B98C-1465BFBD75A2}.AppStore|iPhone.Deploy.0 = AppStore|iPhone
		{13734009-2E77-4BED-B98C-1465BFBD75A2}.AppStore|iPhoneSimulator.ActiveCfg = AppStore|iPhoneSimulator
		{13734009-2E77-4BED-B98C-1465BFBD75A2}.AppStore|iPhoneSimulator.Build.0 = AppStore|iPhoneSimulator
		{13734009-2E77-4BED-B98C-1465BFBD75A2}.AppStore|iPhoneSimulator.Deploy.0 = AppStore|iPhoneSimulator
		{13734009-2E77-4BED-B98C-1465BFBD75A2}.Debug|Any CPU.ActiveCfg = Debug|iPhoneSimulator
		{13734009-2E77-4BED-B98C-1465BFBD75A2}.Debug|Any CPU.Build.0 = Debug|iPhoneSimulator
		{13734009-2E77-4BED-B98C-1465BFBD75A2}.Debug|Any CPU.Deploy.0 = Debug|iPhoneSimulator
		{13734009-2E77-4BED-B98C-1465BFBD75A2}.Debug|iPhone.ActiveCfg = Debug|iPhone
		{13734009-2E77-4BED-B98C-1465BFBD75A2}.Debug|iPhone.Build.0 = Debug|iPhone
		{13734009-2E77-4BED-B98C-1465BFBD75A2}.Debug|iPhone.Deploy.0 = Debug|iPhone
		{13734009-2E77-4BED-B98C-1465BFBD75A2}.Debug|iPhoneSimulator.ActiveCfg = Debug|iPhoneSimulator
		{13734009-2E77-4BED-B98C-1465BFBD75A2}.Debug|iPhoneSimulator.Build.0 = Debug|iPhoneSimulator
		{13734009-2E77-4BED-B98C-1465BFBD75A2}.Debug|iPhoneSimulator.Deploy.0 = Debug|iPhoneSimulator
		{13734009-2E77-4BED-B98C-1465BFBD75A2}.Release|Any CPU.ActiveCfg = Release|iPhone
		{13734009-2E77-4BED-B98C-1465BFBD75A2}.Release|Any CPU.Build.0 = Release|iPhone
		{13734009-2E77-4BED-B98C-1465BFBD75A2}.Release|Any CPU.Deploy.0 = Release|iPhone
		{13734009-2E77-4BED-B98C-1465BFBD75A2}.Release|iPhone.ActiveCfg = Release|iPhone
		{13734009-2E77-4BED-B98C-1465BFBD75A2}.Release|iPhone.Build.0 = Release|iPhone
		{13734009-2E77-4BED-B98C-1465BFBD75A2}.Release|iPhone.Deploy.0 = Release|iPhone
		{13734009-2E77-4BED-B98C-1465BFBD75A2}.Release|iPhoneSimulator.ActiveCfg = Release|iPhoneSimulator
		{13734009-2E77-4BED-B98C-1465BFBD75A2}.Release|iPhoneSimulator.Build.0 = Release|iPhoneSimulator
		{13734009-2E77-4BED-B98C-1465BFBD75A2}.Release|iPhoneSimulator.Deploy.0 = Release|iPhoneSimulator
		{A16C0F57-58A1-4BE4-83B3-9E6610CD311D}.Ad-Hoc|Any CPU.ActiveCfg = Debug|Any CPU
		{A16C0F57-58A1-4BE4-83B3-9E6610CD311D}.Ad-Hoc|Any CPU.Build.0 = Debug|Any CPU
		{A16C0F57-58A1-4BE4-83B3-9E6610CD311D}.Ad-Hoc|Any CPU.Deploy.0 = Debug|Any CPU
		{A16C0F57-58A1-4BE4-83B3-9E6610CD311D}.Ad-Hoc|iPhone.ActiveCfg = Debug|Any CPU
		{A16C0F57-58A1-4BE4-83B3-9E6610CD311D}.Ad-Hoc|iPhone.Build.0 = Debug|Any CPU
		{A16C0F57-58A1-4BE4-83B3-9E6610CD311D}.Ad-Hoc|iPhone.Deploy.0 = Debug|Any CPU
		{A16C0F57-58A1-4BE4-83B3-9E6610CD311D}.Ad-Hoc|iPhoneSimulator.ActiveCfg = Debug|Any CPU
		{A16C0F57-58A1-4BE4-83B3-9E6610CD311D}.Ad-Hoc|iPhoneSimulator.Build.0 = Debug|Any CPU
		{A16C0F57-58A1-4BE4-83B3-9E6610CD311D}.Ad-Hoc|iPhoneSimulator.Deploy.0 = Debug|Any CPU
		{A16C0F57-58A1-4BE4-83B3-9E6610CD311D}.AppStore|Any CPU.ActiveCfg = Debug|Any CPU
		{A16C0F57-58A1-4BE4-83B3-9E6610CD311D}.AppStore|Any CPU.Build.0 = Debug|Any CPU
		{A16C0F57-58A1-4BE4-83B3-9E6610CD311D}.AppStore|Any CPU.Deploy.0 = Debug|Any CPU
		{A16C0F57-58A1-4BE4-83B3-9E6610CD311D}.AppStore|iPhone.ActiveCfg = Debug|Any CPU
		{A16C0F57-58A1-4BE4-83B3-9E6610CD311D}.AppStore|iPhone.Build.0 = Debug|Any CPU
		{A16C0F57-58A1-4BE4-83B3-9E6610CD311D}.AppStore|iPhone.Deploy.0 = Debug|Any CPU
		{A16C0F57-58A1-4BE4-83B3-9E6610CD311D}.AppStore|iPhoneSimulator.ActiveCfg = Debug|Any CPU
		{A16C0F57-58A1-4BE4-83B3-9E6610CD311D}.AppStore|iPhoneSimulator.Build.0 = Debug|Any CPU
		{A16C0F57-58A1-4BE4-83B3-9E6610CD311D}.AppStore|iPhoneSimulator.Deploy.0 = Debug|Any CPU
		{A16C0F57-58A1-4BE4-83B3-9E6610CD311D}.Debug|Any CPU.ActiveCfg = Debug|Any CPU
		{A16C0F57-58A1-4BE4-83B3-9E6610CD311D}.Debug|Any CPU.Build.0 = Debug|Any CPU
		{A16C0F57-58A1-4BE4-83B3-9E6610CD311D}.Debug|Any CPU.Deploy.0 = Debug|Any CPU
		{A16C0F57-58A1-4BE4-83B3-9E6610CD311D}.Debug|iPhone.ActiveCfg = Debug|Any CPU
		{A16C0F57-58A1-4BE4-83B3-9E6610CD311D}.Debug|iPhone.Build.0 = Debug|Any CPU
		{A16C0F57-58A1-4BE4-83B3-9E6610CD311D}.Debug|iPhone.Deploy.0 = Debug|Any CPU
		{A16C0F57-58A1-4BE4-83B3-9E6610CD311D}.Debug|iPhoneSimulator.ActiveCfg = Debug|Any CPU
		{A16C0F57-58A1-4BE4-83B3-9E6610CD311D}.Debug|iPhoneSimulator.Build.0 = Debug|Any CPU
		{A16C0F57-58A1-4BE4-83B3-9E6610CD311D}.Debug|iPhoneSimulator.Deploy.0 = Debug|Any CPU
		{A16C0F57-58A1-4BE4-83B3-9E6610CD311D}.Release|Any CPU.ActiveCfg = Release|Any CPU
		{A16C0F57-58A1-4BE4-83B3-9E6610CD311D}.Release|Any CPU.Build.0 = Release|Any CPU
		{A16C0F57-58A1-4BE4-83B3-9E6610CD311D}.Release|Any CPU.Deploy.0 = Release|Any CPU
		{A16C0F57-58A1-4BE4-83B3-9E6610CD311D}.Release|iPhone.ActiveCfg = Release|Any CPU
		{A16C0F57-58A1-4BE4-83B3-9E6610CD311D}.Release|iPhone.Build.0 = Release|Any CPU
		{A16C0F57-58A1-4BE4-83B3-9E6610CD311D}.Release|iPhone.Deploy.0 = Release|Any CPU
		{A16C0F57-58A1-4BE4-83B3-9E6610CD311D}.Release|iPhoneSimulator.ActiveCfg = Release|Any CPU
		{A16C0F57-58A1-4BE4-83B3-9E6610CD311D}.Release|iPhoneSimulator.Build.0 = Release|Any CPU
		{A16C0F57-58A1-4BE4-83B3-9E6610CD311D}.Release|iPhoneSimulator.Deploy.0 = Release|Any CPU
	EndGlobalSection
	GlobalSection(SolutionProperties) = preSolution
		HideSolutionNode = FALSE
	EndGlobalSection
	GlobalSection(ExtensibilityGlobals) = postSolution
		SolutionGuid = {0E0AC191-15A7-4B67-86D8-79B2D3C0ECE2}
	EndGlobalSection
EndGlobal
